Microsoft Visual Studio Solution File, Format Version 11.00
# Visual Studio 2008

Project("{E4DFC0C5-A673-8502-B667-5B289DEE7858}") = "Defenses_immunitaires_base", "Assembly-CSharp.csproj", "{B2AD25CB-7984-E98A-2F42-337ECF82B9A4}"
EndProject
Global
	GlobalSection(SolutionConfigurationPlatforms) = preSolution
		Debug|Any CPU = Debug|Any CPU
		Release|Any CPU = Release|Any CPU
	EndGlobalSection
	GlobalSection(ProjectConfigurationPlatforms) = postSolution
		{B2AD25CB-7984-E98A-2F42-337ECF82B9A4}.Debug|Any CPU.ActiveCfg = Debug|Any CPU
		{B2AD25CB-7984-E98A-2F42-337ECF82B9A4}.Debug|Any CPU.Build.0 = Debug|Any CPU
		{B2AD25CB-7984-E98A-2F42-337ECF82B9A4}.Release|Any CPU.ActiveCfg = Release|Any CPU
		{B2AD25CB-7984-E98A-2F42-337ECF82B9A4}.Release|Any CPU.Build.0 = Release|Any CPU
	EndGlobalSection
	GlobalSection(SolutionProperties) = preSolution
		HideSolutionNode = FALSE
	EndGlobalSection
	GlobalSection(MonoDevelopProperties) = preSolution
		StartupItem = Assembly-CSharp.csproj
	EndGlobalSection
EndGlobal
