Microsoft Visual Studio Solution File, Format Version 11.00
# Visual Studio 2008

Project("{5DAC422D-40FB-4063-99E1-71C2120197A8}") = "Defenses_immunitaires_base_2D", "Assembly-CSharp.csproj", "{BC33AA50-C1D2-93AD-C047-8A14D2DE72D0}"
EndProject
Global
	GlobalSection(SolutionConfigurationPlatforms) = preSolution
		Debug|Any CPU = Debug|Any CPU
		Release|Any CPU = Release|Any CPU
	EndGlobalSection
	GlobalSection(ProjectConfigurationPlatforms) = postSolution
		{BC33AA50-C1D2-93AD-C047-8A14D2DE72D0}.Debug|Any CPU.ActiveCfg = Debug|Any CPU
		{BC33AA50-C1D2-93AD-C047-8A14D2DE72D0}.Debug|Any CPU.Build.0 = Debug|Any CPU
		{BC33AA50-C1D2-93AD-C047-8A14D2DE72D0}.Release|Any CPU.ActiveCfg = Release|Any CPU
		{BC33AA50-C1D2-93AD-C047-8A14D2DE72D0}.Release|Any CPU.Build.0 = Release|Any CPU
	EndGlobalSection
	GlobalSection(SolutionProperties) = preSolution
		HideSolutionNode = FALSE
	EndGlobalSection
	GlobalSection(MonoDevelopProperties) = preSolution
		StartupItem = Assembly-CSharp.csproj
	EndGlobalSection
EndGlobal
