Microsoft Visual Studio Solution File, Format Version 11.00
# Visual Studio 2008

Project("{BAE81885-BC20-485F-B53A-C3876635299C}") = "Defenses_immunitaires_FYFY_2D", "Assembly-CSharp.csproj", "{85D1FF86-2B0A-1FD9-6DE8-8EFFEC3679C8}"
EndProject
Global
	GlobalSection(SolutionConfigurationPlatforms) = preSolution
		Debug|Any CPU = Debug|Any CPU
		Release|Any CPU = Release|Any CPU
	EndGlobalSection
	GlobalSection(ProjectConfigurationPlatforms) = postSolution
		{85D1FF86-2B0A-1FD9-6DE8-8EFFEC3679C8}.Debug|Any CPU.ActiveCfg = Debug|Any CPU
		{85D1FF86-2B0A-1FD9-6DE8-8EFFEC3679C8}.Debug|Any CPU.Build.0 = Debug|Any CPU
		{85D1FF86-2B0A-1FD9-6DE8-8EFFEC3679C8}.Release|Any CPU.ActiveCfg = Release|Any CPU
		{85D1FF86-2B0A-1FD9-6DE8-8EFFEC3679C8}.Release|Any CPU.Build.0 = Release|Any CPU
	EndGlobalSection
	GlobalSection(SolutionProperties) = preSolution
		HideSolutionNode = FALSE
	EndGlobalSection
	GlobalSection(MonoDevelopProperties) = preSolution
		StartupItem = Assembly-CSharp.csproj
	EndGlobalSection
EndGlobal
